Microsoft Visual Studio Solution File, Format Version 12.00
# Visual Studio 15
VisualStudioVersion = 15.0.27130.2026
MinimumVisualStudioVersion = 10.0.40219.1
Project("{9A19103F-16F7-4668-BE54-9A1E7A4F7556}") = "SomeLib", "SomeLib\SomeLib.csproj", "{77E0C54A-3786-4F99-987C-DAB145CB3551}"
EndProject
Project("{9A19103F-16F7-4668-BE54-9A1E7A4F7556}") = "SomeLib.Tests", "SomeLib.Tests\SomeLib.Tests.csproj", "{8F3FCB5A-B663-4429-A74F-8C147C7AA25B}"
EndProject
Project("{2150E333-8FDC-42A3-9474-1A3956D46DE8}") = "Solution Files", "Solution Files", "{2BB9CB5B-937E-4433-8756-D7E34692509A}"
	ProjectSection(SolutionItems) = preProject
		.editorconfig = .editorconfig
		.gitignore = .gitignore
		.travis.yml = .travis.yml
		CHANGELOG.md = CHANGELOG.md
		README.md = README.md
	EndProjectSection
EndProject
Global
	GlobalSection(SolutionConfigurationPlatforms) = preSolution
		Debug|Any CPU = Debug|Any CPU
		Release|Any CPU = Release|Any CPU
	EndGlobalSection
	GlobalSection(ProjectConfigurationPlatforms) = postSolution
		{77E0C54A-3786-4F99-987C-DAB145CB3551}.Debug|Any CPU.ActiveCfg = Debug|Any CPU
		{77E0C54A-3786-4F99-987C-DAB145CB3551}.Debug|Any CPU.Build.0 = Debug|Any CPU
		{77E0C54A-3786-4F99-987C-DAB145CB3551}.Release|Any CPU.ActiveCfg = Release|Any CPU
		{77E0C54A-3786-4F99-987C-DAB145CB3551}.Release|Any CPU.Build.0 = Release|Any CPU
		{8F3FCB5A-B663-4429-A74F-8C147C7AA25B}.Debug|Any CPU.ActiveCfg = Debug|Any CPU
		{8F3FCB5A-B663-4429-A74F-8C147C7AA25B}.Debug|Any CPU.Build.0 = Debug|Any CPU
		{8F3FCB5A-B663-4429-A74F-8C147C7AA25B}.Release|Any CPU.ActiveCfg = Release|Any CPU
		{8F3FCB5A-B663-4429-A74F-8C147C7AA25B}.Release|Any CPU.Build.0 = Release|Any CPU
	EndGlobalSection
	GlobalSection(NestedProjects) = preSolution
	EndGlobalSection
	GlobalSection(SolutionProperties) = preSolution
		HideSolutionNode = FALSE
	EndGlobalSection
EndGlobal
