
Microsoft Visual Studio Solution File, Format Version 12.00
# Visual Studio 15
VisualStudioVersion = 15.0.27130.2020
MinimumVisualStudioVersion = 10.0.40219.1
Project("{FAE04EC0-301F-11D3-BF4B-00C04F79EFBC}") = "SshDemo", "SshDemo\SshDemo.csproj", "{178396D2-5E1E-497A-A4EC-196CBE019583}"
EndProject
Project("{2150E333-8FDC-42A3-9474-1A3956D46DE8}") = "Solution Files", "Solution Files", "{D696C144-CAAE-4BB0-AE75-3BCEA93647F3}"
	ProjectSection(SolutionItems) = preProject
		.gitignore = .gitignore
		appveyor.yml = appveyor.yml
		LICENSE = LICENSE
		README.md = README.md
	EndProjectSection
EndProject
Global
	GlobalSection(SolutionConfigurationPlatforms) = preSolution
		Debug|Any CPU = Debug|Any CPU
		Release|Any CPU = Release|Any CPU
	EndGlobalSection
	GlobalSection(ProjectConfigurationPlatforms) = postSolution
		{178396D2-5E1E-497A-A4EC-196CBE019583}.Debug|Any CPU.ActiveCfg = Debug|Any CPU
		{178396D2-5E1E-497A-A4EC-196CBE019583}.Debug|Any CPU.Build.0 = Debug|Any CPU
		{178396D2-5E1E-497A-A4EC-196CBE019583}.Release|Any CPU.ActiveCfg = Release|Any CPU
		{178396D2-5E1E-497A-A4EC-196CBE019583}.Release|Any CPU.Build.0 = Release|Any CPU
	EndGlobalSection
	GlobalSection(SolutionProperties) = preSolution
		HideSolutionNode = FALSE
	EndGlobalSection
	GlobalSection(ExtensibilityGlobals) = postSolution
		SolutionGuid = {B46E5A9A-2787-4E8C-9F31-B9942800004F}
	EndGlobalSection
EndGlobal
